
Microsoft Visual Studio Solution File, Format Version 12.00
# Visual Studio Version 16
VisualStudioVersion = 16.0.32929.386
MinimumVisualStudioVersion = 10.0.40219.1
Project("{FAE04EC0-301F-11D3-BF4B-00C04F79EFBC}") = "Interface_for_BD", "Interface_for_BD\Interface_for_BD.csproj", "{6AFF2E5A-4144-4A87-966E-DC6F7741F821}"
EndProject
Global
	GlobalSection(SolutionConfigurationPlatforms) = preSolution
		Debug|Any CPU = Debug|Any CPU
		Release|Any CPU = Release|Any CPU
	EndGlobalSection
	GlobalSection(ProjectConfigurationPlatforms) = postSolution
		{6AFF2E5A-4144-4A87-966E-DC6F7741F821}.Debug|Any CPU.ActiveCfg = Debug|Any CPU
		{6AFF2E5A-4144-4A87-966E-DC6F7741F821}.Debug|Any CPU.Build.0 = Debug|Any CPU
		{6AFF2E5A-4144-4A87-966E-DC6F7741F821}.Release|Any CPU.ActiveCfg = Release|Any CPU
		{6AFF2E5A-4144-4A87-966E-DC6F7741F821}.Release|Any CPU.Build.0 = Release|Any CPU
	EndGlobalSection
	GlobalSection(SolutionProperties) = preSolution
		HideSolutionNode = FALSE
	EndGlobalSection
	GlobalSection(ExtensibilityGlobals) = postSolution
		SolutionGuid = {5C29E798-AC91-4A6C-947E-C5A39A411BA5}
	EndGlobalSection
EndGlobal
